// !$*UTF8*$!
{
	archiveVersion = 1;
	classes = {
	};
	objectVersion = 77;
	objects = {

/* Begin PBXBuildFile section */
		EFFB708A2E36168C0081BF5E /* parser_.cpp in Sources */ = {isa = PBXBuildFile; fileRef = EFFB70882E36168C0081BF5E /* parser_.cpp */; };
		EFFB708B2E36168C0081BF5E /* main.cpp in Sources */ = {isa = PBXBuildFile; fileRef = EFFB70812E36168C0081BF5E /* main.cpp */; };
		EFFB708C2E36168C0081BF5E /* Object.cpp in Sources */ = {isa = PBXBuildFile; fileRef = EFFB70832E36168C0081BF5E /* Object.cpp */; };
		EFFB708D2E36168C0081BF5E /* Function.cpp in Sources */ = {isa = PBXBuildFile; fileRef = EFFB70852E36168C0081BF5E /* Function.cpp */; };
		EFFB708E2E36168C0081BF5E /* Class.cpp in Sources */ = {isa = PBXBuildFile; fileRef = EFFB70802E36168C0081BF5E /* Class.cpp */; };
		EFFB70972E3643CD0081BF5E /* Model.cpp in Sources */ = {isa = PBXBuildFile; fileRef = EFFB70962E3643CD0081BF5E /* Model.cpp */; };
		EFFB709A2E3644BA0081BF5E /* Linker.cpp in Sources */ = {isa = PBXBuildFile; fileRef = EFFB70992E3644BA0081BF5E /* Linker.cpp */; };
		EFFB709D2E3648100081BF5E /* Parser.cpp in Sources */ = {isa = PBXBuildFile; fileRef = EFFB709C2E3648100081BF5E /* Parser.cpp */; };
/* End PBXBuildFile section */

/* Begin PBXCopyFilesBuildPhase section */
		EF9A0EDC2E35B55500D4FCEA /* CopyFiles */ = {
			isa = PBXCopyFilesBuildPhase;
			buildActionMask = 2147483647;
			dstPath = /usr/share/man/man1/;
			dstSubfolderSpec = 0;
			files = (
			);
			runOnlyForDeploymentPostprocessing = 1;
		};
/* End PBXCopyFilesBuildPhase section */

/* Begin PBXFileReference section */
		EF0F7E6A2E365A2D0039F169 /* FileUtils.hpp */ = {isa = PBXFileReference; lastKnownFileType = sourcecode.cpp.h; path = FileUtils.hpp; sourceTree = "<group>"; };
		EF9A0EDE2E35B55500D4FCEA /* mlc-cpp */ = {isa = PBXFileReference; explicitFileType = "compiled.mach-o.executable"; includeInIndex = 0; path = "mlc-cpp"; sourceTree = BUILT_PRODUCTS_DIR; };
		EFFB707F2E36168C0081BF5E /* Class.hpp */ = {isa = PBXFileReference; lastKnownFileType = sourcecode.cpp.h; path = Class.hpp; sourceTree = "<group>"; };
		EFFB70802E36168C0081BF5E /* Class.cpp */ = {isa = PBXFileReference; lastKnownFileType = sourcecode.cpp.cpp; path = Class.cpp; sourceTree = "<group>"; };
		EFFB70812E36168C0081BF5E /* main.cpp */ = {isa = PBXFileReference; lastKnownFileType = sourcecode.cpp.cpp; path = main.cpp; sourceTree = "<group>"; };
		EFFB70822E36168C0081BF5E /* Object.hpp */ = {isa = PBXFileReference; lastKnownFileType = sourcecode.cpp.h; path = Object.hpp; sourceTree = "<group>"; };
		EFFB70832E36168C0081BF5E /* Object.cpp */ = {isa = PBXFileReference; lastKnownFileType = sourcecode.cpp.cpp; path = Object.cpp; sourceTree = "<group>"; };
		EFFB70842E36168C0081BF5E /* Function.hpp */ = {isa = PBXFileReference; lastKnownFileType = sourcecode.cpp.h; path = Function.hpp; sourceTree = "<group>"; };
		EFFB70852E36168C0081BF5E /* Function.cpp */ = {isa = PBXFileReference; lastKnownFileType = sourcecode.cpp.cpp; path = Function.cpp; sourceTree = "<group>"; };
		EFFB70862E36168C0081BF5E /* Modifier.h */ = {isa = PBXFileReference; lastKnownFileType = sourcecode.c.h; path = Modifier.h; sourceTree = "<group>"; };
		EFFB70872E36168C0081BF5E /* parser_.hpp */ = {isa = PBXFileReference; lastKnownFileType = sourcecode.cpp.h; path = parser_.hpp; sourceTree = "<group>"; };
		EFFB70882E36168C0081BF5E /* parser_.cpp */ = {isa = PBXFileReference; lastKnownFileType = sourcecode.cpp.cpp; path = parser_.cpp; sourceTree = "<group>"; };
		EFFB70952E3643CD0081BF5E /* Model.hpp */ = {isa = PBXFileReference; lastKnownFileType = sourcecode.cpp.h; path = Model.hpp; sourceTree = "<group>"; };
		EFFB70962E3643CD0081BF5E /* Model.cpp */ = {isa = PBXFileReference; lastKnownFileType = sourcecode.cpp.cpp; path = Model.cpp; sourceTree = "<group>"; };
		EFFB70982E3644A40081BF5E /* Linker.hpp */ = {isa = PBXFileReference; lastKnownFileType = sourcecode.cpp.h; path = Linker.hpp; sourceTree = "<group>"; };
		EFFB70992E3644BA0081BF5E /* Linker.cpp */ = {isa = PBXFileReference; lastKnownFileType = sourcecode.cpp.cpp; path = Linker.cpp; sourceTree = "<group>"; };
		EFFB709B2E3648100081BF5E /* Parser.hpp */ = {isa = PBXFileReference; lastKnownFileType = sourcecode.cpp.h; path = Parser.hpp; sourceTree = "<group>"; };
		EFFB709C2E3648100081BF5E /* Parser.cpp */ = {isa = PBXFileReference; lastKnownFileType = sourcecode.cpp.cpp; path = Parser.cpp; sourceTree = "<group>"; };
/* End PBXFileReference section */

/* Begin PBXFrameworksBuildPhase section */
		EF9A0EDB2E35B55500D4FCEA /* Frameworks */ = {
			isa = PBXFrameworksBuildPhase;
			buildActionMask = 2147483647;
			files = (
			);
			runOnlyForDeploymentPostprocessing = 0;
		};
/* End PBXFrameworksBuildPhase section */

/* Begin PBXGroup section */
		EF9A0ED52E35B55500D4FCEA = {
			isa = PBXGroup;
			children = (
				EF0F7E6A2E365A2D0039F169 /* FileUtils.hpp */,
				EFFB70892E36168C0081BF5E /* mlc-cpp */,
				EF9A0EDF2E35B55500D4FCEA /* Products */,
			);
			sourceTree = "<group>";
		};
		EF9A0EDF2E35B55500D4FCEA /* Products */ = {
			isa = PBXGroup;
			children = (
				EF9A0EDE2E35B55500D4FCEA /* mlc-cpp */,
			);
			name = Products;
			sourceTree = "<group>";
		};
		EFFB70892E36168C0081BF5E /* mlc-cpp */ = {
			isa = PBXGroup;
			children = (
				EFFB70982E3644A40081BF5E /* Linker.hpp */,
				EFFB70992E3644BA0081BF5E /* Linker.cpp */,
				EFFB70952E3643CD0081BF5E /* Model.hpp */,
				EFFB70962E3643CD0081BF5E /* Model.cpp */,
				EFFB707F2E36168C0081BF5E /* Class.hpp */,
				EFFB70802E36168C0081BF5E /* Class.cpp */,
				EFFB70812E36168C0081BF5E /* main.cpp */,
				EFFB709B2E3648100081BF5E /* Parser.hpp */,
				EFFB709C2E3648100081BF5E /* Parser.cpp */,
				EFFB70822E36168C0081BF5E /* Object.hpp */,
				EFFB70832E36168C0081BF5E /* Object.cpp */,
				EFFB70842E36168C0081BF5E /* Function.hpp */,
				EFFB70852E36168C0081BF5E /* Function.cpp */,
				EFFB70862E36168C0081BF5E /* Modifier.h */,
				EFFB70872E36168C0081BF5E /* parser_.hpp */,
				EFFB70882E36168C0081BF5E /* parser_.cpp */,
			);
			path = "mlc-cpp";
			sourceTree = "<group>";
		};
/* End PBXGroup section */

/* Begin PBXNativeTarget section */
		EF9A0EDD2E35B55500D4FCEA /* mlc-cpp */ = {
			isa = PBXNativeTarget;
			buildConfigurationList = EF9A0EE52E35B55600D4FCEA /* Build configuration list for PBXNativeTarget "mlc-cpp" */;
			buildPhases = (
				EF9A0EDA2E35B55500D4FCEA /* Sources */,
				EF9A0EDB2E35B55500D4FCEA /* Frameworks */,
				EF9A0EDC2E35B55500D4FCEA /* CopyFiles */,
			);
			buildRules = (
			);
			dependencies = (
			);
			name = "mlc-cpp";
			packageProductDependencies = (
			);
			productName = "mlc-cpp";
			productReference = EF9A0EDE2E35B55500D4FCEA /* mlc-cpp */;
			productType = "com.apple.product-type.tool";
		};
/* End PBXNativeTarget section */

/* Begin PBXProject section */
		EF9A0ED62E35B55500D4FCEA /* Project object */ = {
			isa = PBXProject;
			attributes = {
				BuildIndependentTargetsInParallel = 1;
				LastUpgradeCheck = 1630;
				TargetAttributes = {
					EF9A0EDD2E35B55500D4FCEA = {
						CreatedOnToolsVersion = 16.3;
					};
				};
			};
			buildConfigurationList = EF9A0ED92E35B55500D4FCEA /* Build configuration list for PBXProject "mlc-cpp" */;
			developmentRegion = en;
			hasScannedForEncodings = 0;
			knownRegions = (
				en,
				Base,
			);
			mainGroup = EF9A0ED52E35B55500D4FCEA;
			minimizedProjectReferenceProxies = 1;
			preferredProjectObjectVersion = 77;
			productRefGroup = EF9A0EDF2E35B55500D4FCEA /* Products */;
			projectDirPath = "";
			projectRoot = "";
			targets = (
				EF9A0EDD2E35B55500D4FCEA /* mlc-cpp */,
			);
		};
/* End PBXProject section */

/* Begin PBXSourcesBuildPhase section */
		EF9A0EDA2E35B55500D4FCEA /* Sources */ = {
			isa = PBXSourcesBuildPhase;
			buildActionMask = 2147483647;
			files = (
				EFFB709D2E3648100081BF5E /* Parser.cpp in Sources */,
				EFFB708A2E36168C0081BF5E /* parser_.cpp in Sources */,
				EFFB708B2E36168C0081BF5E /* main.cpp in Sources */,
				EFFB708C2E36168C0081BF5E /* Object.cpp in Sources */,
				EFFB70972E3643CD0081BF5E /* Model.cpp in Sources */,
				EFFB708D2E36168C0081BF5E /* Function.cpp in Sources */,
				EFFB709A2E3644BA0081BF5E /* Linker.cpp in Sources */,
				EFFB708E2E36168C0081BF5E /* Class.cpp in Sources */,
			);
			runOnlyForDeploymentPostprocessing = 0;
		};
/* End PBXSourcesBuildPhase section */

/* Begin XCBuildConfiguration section */
		EF9A0EE32E35B55600D4FCEA /* Debug */ = {
			isa = XCBuildConfiguration;
			buildSettings = {
				ALWAYS_SEARCH_USER_PATHS = NO;
				ASSETCATALOG_COMPILER_GENERATE_SWIFT_ASSET_SYMBOL_EXTENSIONS = YES;
				CLANG_ANALYZER_NONNULL = YES;
				CLANG_ANALYZER_NUMBER_OBJECT_CONVERSION = YES_AGGRESSIVE;
				CLANG_CXX_LANGUAGE_STANDARD = "gnu++20";
				CLANG_ENABLE_MODULES = YES;
				CLANG_ENABLE_OBJC_ARC = YES;
				CLANG_ENABLE_OBJC_WEAK = YES;
				CLANG_WARN_BLOCK_CAPTURE_AUTORELEASING = YES;
				CLANG_WARN_BOOL_CONVERSION = YES;
				CLANG_WARN_COMMA = YES;
				CLANG_WARN_CONSTANT_CONVERSION = YES;
				CLANG_WARN_DEPRECATED_OBJC_IMPLEMENTATIONS = YES;
				CLANG_WARN_DIRECT_OBJC_ISA_USAGE = YES_ERROR;
				CLANG_WARN_DOCUMENTATION_COMMENTS = YES;
				CLANG_WARN_EMPTY_BODY = YES;
				CLANG_WARN_ENUM_CONVERSION = YES;
				CLANG_WARN_INFINITE_RECURSION = YES;
				CLANG_WARN_INT_CONVERSION = YES;
				CLANG_WARN_NON_LITERAL_NULL_CONVERSION = YES;
				CLANG_WARN_OBJC_IMPLICIT_RETAIN_SELF = YES;
				CLANG_WARN_OBJC_LITERAL_CONVERSION = YES;
				CLANG_WARN_OBJC_ROOT_CLASS = YES_ERROR;
				CLANG_WARN_QUOTED_INCLUDE_IN_FRAMEWORK_HEADER = YES;
				CLANG_WARN_RANGE_LOOP_ANALYSIS = YES;
				CLANG_WARN_STRICT_PROTOTYPES = YES;
				CLANG_WARN_SUSPICIOUS_MOVE = YES;
				CLANG_WARN_UNGUARDED_AVAILABILITY = YES_AGGRESSIVE;
				CLANG_WARN_UNREACHABLE_CODE = YES;
				CLANG_WARN__DUPLICATE_METHOD_MATCH = YES;
				COPY_PHASE_STRIP = NO;
				DEBUG_INFORMATION_FORMAT = dwarf;
				DEVELOPMENT_TEAM = KF7UXPRLXA;
				ENABLE_STRICT_OBJC_MSGSEND = YES;
				ENABLE_TESTABILITY = YES;
				ENABLE_USER_SCRIPT_SANDBOXING = YES;
				GCC_C_LANGUAGE_STANDARD = gnu17;
				GCC_DYNAMIC_NO_PIC = NO;
				GCC_NO_COMMON_BLOCKS = YES;
				GCC_OPTIMIZATION_LEVEL = 0;
				GCC_PREPROCESSOR_DEFINITIONS = (
					"DEBUG=1",
					"$(inherited)",
				);
				GCC_WARN_64_TO_32_BIT_CONVERSION = YES;
				GCC_WARN_ABOUT_RETURN_TYPE = YES_ERROR;
				GCC_WARN_UNDECLARED_SELECTOR = YES;
				GCC_WARN_UNINITIALIZED_AUTOS = YES_AGGRESSIVE;
				GCC_WARN_UNUSED_FUNCTION = YES;
				GCC_WARN_UNUSED_VARIABLE = YES;
				LOCALIZATION_PREFERS_STRING_CATALOGS = YES;
				MACOSX_DEPLOYMENT_TARGET = 15.4;
				MTL_ENABLE_DEBUG_INFO = INCLUDE_SOURCE;
				MTL_FAST_MATH = YES;
				ONLY_ACTIVE_ARCH = YES;
				SDKROOT = macosx;
			};
			name = Debug;
		};
		EF9A0EE42E35B55600D4FCEA /* Release */ = {
			isa = XCBuildConfiguration;
			buildSettings = {
				ALWAYS_SEARCH_USER_PATHS = NO;
				ASSETCATALOG_COMPILER_GENERATE_SWIFT_ASSET_SYMBOL_EXTENSIONS = YES;
				CLANG_ANALYZER_NONNULL = YES;
				CLANG_ANALYZER_NUMBER_OBJECT_CONVERSION = YES_AGGRESSIVE;
				CLANG_CXX_LANGUAGE_STANDARD = "gnu++20";
				CLANG_ENABLE_MODULES = YES;
				CLANG_ENABLE_OBJC_ARC = YES;
				CLANG_ENABLE_OBJC_WEAK = YES;
				CLANG_WARN_BLOCK_CAPTURE_AUTORELEASING = YES;
				CLANG_WARN_BOOL_CONVERSION = YES;
				CLANG_WARN_COMMA = YES;
				CLANG_WARN_CONSTANT_CONVERSION = YES;
				CLANG_WARN_DEPRECATED_OBJC_IMPLEMENTATIONS = YES;
				CLANG_WARN_DIRECT_OBJC_ISA_USAGE = YES_ERROR;
				CLANG_WARN_DOCUMENTATION_COMMENTS = YES;
				CLANG_WARN_EMPTY_BODY = YES;
				CLANG_WARN_ENUM_CONVERSION = YES;
				CLANG_WARN_INFINITE_RECURSION = YES;
				CLANG_WARN_INT_CONVERSION = YES;
				CLANG_WARN_NON_LITERAL_NULL_CONVERSION = YES;
				CLANG_WARN_OBJC_IMPLICIT_RETAIN_SELF = YES;
				CLANG_WARN_OBJC_LITERAL_CONVERSION = YES;
				CLANG_WARN_OBJC_ROOT_CLASS = YES_ERROR;
				CLANG_WARN_QUOTED_INCLUDE_IN_FRAMEWORK_HEADER = YES;
				CLANG_WARN_RANGE_LOOP_ANALYSIS = YES;
				CLANG_WARN_STRICT_PROTOTYPES = YES;
				CLANG_WARN_SUSPICIOUS_MOVE = YES;
				CLANG_WARN_UNGUARDED_AVAILABILITY = YES_AGGRESSIVE;
				CLANG_WARN_UNREACHABLE_CODE = YES;
				CLANG_WARN__DUPLICATE_METHOD_MATCH = YES;
				COPY_PHASE_STRIP = NO;
				DEBUG_INFORMATION_FORMAT = "dwarf-with-dsym";
				DEVELOPMENT_TEAM = KF7UXPRLXA;
				ENABLE_NS_ASSERTIONS = NO;
				ENABLE_STRICT_OBJC_MSGSEND = YES;
				ENABLE_USER_SCRIPT_SANDBOXING = YES;
				GCC_C_LANGUAGE_STANDARD = gnu17;
				GCC_NO_COMMON_BLOCKS = YES;
				GCC_WARN_64_TO_32_BIT_CONVERSION = YES;
				GCC_WARN_ABOUT_RETURN_TYPE = YES_ERROR;
				GCC_WARN_UNDECLARED_SELECTOR = YES;
				GCC_WARN_UNINITIALIZED_AUTOS = YES_AGGRESSIVE;
				GCC_WARN_UNUSED_FUNCTION = YES;
				GCC_WARN_UNUSED_VARIABLE = YES;
				LOCALIZATION_PREFERS_STRING_CATALOGS = YES;
				MACOSX_DEPLOYMENT_TARGET = 15.4;
				MTL_ENABLE_DEBUG_INFO = NO;
				MTL_FAST_MATH = YES;
				SDKROOT = macosx;
			};
			name = Release;
		};
		EF9A0EE62E35B55600D4FCEA /* Debug */ = {
			isa = XCBuildConfiguration;
			buildSettings = {
				CLANG_CXX_LANGUAGE_STANDARD = "c++20";
				CODE_SIGN_STYLE = Automatic;
				DEVELOPMENT_TEAM = KF7UXPRLXA;
				ENABLE_HARDENED_RUNTIME = YES;
				PRODUCT_NAME = "$(TARGET_NAME)";
			};
			name = Debug;
		};
		EF9A0EE72E35B55600D4FCEA /* Release */ = {
			isa = XCBuildConfiguration;
			buildSettings = {
				CLANG_CXX_LANGUAGE_STANDARD = "c++20";
				CODE_SIGN_STYLE = Automatic;
				DEVELOPMENT_TEAM = KF7UXPRLXA;
				ENABLE_HARDENED_RUNTIME = YES;
				PRODUCT_NAME = "$(TARGET_NAME)";
			};
			name = Release;
		};
/* End XCBuildConfiguration section */

/* Begin XCConfigurationList section */
		EF9A0ED92E35B55500D4FCEA /* Build configuration list for PBXProject "mlc-cpp" */ = {
			isa = XCConfigurationList;
			buildConfigurations = (
				EF9A0EE32E35B55600D4FCEA /* Debug */,
				EF9A0EE42E35B55600D4FCEA /* Release */,
			);
			defaultConfigurationIsVisible = 0;
			defaultConfigurationName = Release;
		};
		EF9A0EE52E35B55600D4FCEA /* Build configuration list for PBXNativeTarget "mlc-cpp" */ = {
			isa = XCConfigurationList;
			buildConfigurations = (
				EF9A0EE62E35B55600D4FCEA /* Debug */,
				EF9A0EE72E35B55600D4FCEA /* Release */,
			);
			defaultConfigurationIsVisible = 0;
			defaultConfigurationName = Release;
		};
/* End XCConfigurationList section */
	};
	rootObject = EF9A0ED62E35B55500D4FCEA /* Project object */;
}
