// !$*UTF8*$!
{
	archiveVersion = 1;
	classes = {
	};
	objectVersion = 77;
	objects = {

/* Begin PBXBuildFile section */
		EF0F7E8D2E37190D0039F169 /* Function.cpp in Sources */ = {isa = PBXBuildFile; fileRef = EF0F7E7F2E37190D0039F169 /* Function.cpp */; };
		EF0F7E8E2E37190D0039F169 /* Linker.cpp in Sources */ = {isa = PBXBuildFile; fileRef = EF0F7E772E37190D0039F169 /* Linker.cpp */; };
		EF0F7E8F2E37190D0039F169 /* Object.cpp in Sources */ = {isa = PBXBuildFile; fileRef = EF0F7E842E37190D0039F169 /* Object.cpp */; };
		EF0F7E902E37190D0039F169 /* Model.cpp in Sources */ = {isa = PBXBuildFile; fileRef = EF0F7E812E37190D0039F169 /* Model.cpp */; };
		EF0F7E912E37190D0039F169 /* Lexer.cpp in Sources */ = {isa = PBXBuildFile; fileRef = EF0F7E872E37190D0039F169 /* Lexer.cpp */; };
		EF0F7E922E37190D0039F169 /* Parser.cpp in Sources */ = {isa = PBXBuildFile; fileRef = EF0F7E792E37190D0039F169 /* Parser.cpp */; };
		EF0F7E932E37190D0039F169 /* ParserLexem.cpp in Sources */ = {isa = PBXBuildFile; fileRef = EF0F7E892E37190D0039F169 /* ParserLexem.cpp */; };
		EF0F7E942E37190D0039F169 /* main.cpp in Sources */ = {isa = PBXBuildFile; fileRef = EF0F7E7B2E37190D0039F169 /* main.cpp */; };
		EF0F7E952E37190D0039F169 /* Class.cpp in Sources */ = {isa = PBXBuildFile; fileRef = EF0F7E7D2E37190D0039F169 /* Class.cpp */; };
		EF0F7E992E371A140039F169 /* tests_parser_lexer.cpp in Sources */ = {isa = PBXBuildFile; fileRef = EF0F7E982E371A140039F169 /* tests_parser_lexer.cpp */; };
		EF0F7E9C2E3767FE0039F169 /* CircularReference.cpp in Sources */ = {isa = PBXBuildFile; fileRef = EF0F7E9B2E3767FE0039F169 /* CircularReference.cpp */; };
		EF0F7E9F2E3769610039F169 /* Mlc.cpp in Sources */ = {isa = PBXBuildFile; fileRef = EF0F7E9E2E3769610039F169 /* Mlc.cpp */; };
		EF0F7EA22E376CDE0039F169 /* GeneratorVisitor.cpp in Sources */ = {isa = PBXBuildFile; fileRef = EF0F7EA12E376CDE0039F169 /* GeneratorVisitor.cpp */; };
		EF16589C2E38C99400573EEE /* GeneratorUnitTestsInterface.cpp in Sources */ = {isa = PBXBuildFile; fileRef = EF16589B2E38C99400573EEE /* GeneratorUnitTestsInterface.cpp */; };
		EF16589F2E39E15300573EEE /* Common.cpp in Sources */ = {isa = PBXBuildFile; fileRef = EF16589E2E39E15300573EEE /* Common.cpp */; };
		EF1658A22E39E58900573EEE /* GeneratorDataStorageBase.cpp in Sources */ = {isa = PBXBuildFile; fileRef = EF1658A12E39E58900573EEE /* GeneratorDataStorageBase.cpp */; };
		EF1658A62E39E92100573EEE /* GeneratorDataStorageCpp.cpp in Sources */ = {isa = PBXBuildFile; fileRef = EF1658A52E39E92100573EEE /* GeneratorDataStorageCpp.cpp */; };
		EF1658A92E39EE0300573EEE /* GeneratorCpp.cpp in Sources */ = {isa = PBXBuildFile; fileRef = EF1658A82E39EE0300573EEE /* GeneratorCpp.cpp */; };
		EF1658AF2E39EF3100573EEE /* GeneratorPredefinedFilesCpp.cpp in Sources */ = {isa = PBXBuildFile; fileRef = EF1658AE2E39EF3100573EEE /* GeneratorPredefinedFilesCpp.cpp */; };
		EF1658B42E39F6C700573EEE /* GeneratorRefCounterCpp.cpp in Sources */ = {isa = PBXBuildFile; fileRef = EF1658B32E39F6C700573EEE /* GeneratorRefCounterCpp.cpp */; };
		EF1658B72E39F97200573EEE /* GeneratorOperatorEqualsCpp.cpp in Sources */ = {isa = PBXBuildFile; fileRef = EF1658B62E39F97200573EEE /* GeneratorOperatorEqualsCpp.cpp */; };
		EF1658BA2E39F9E500573EEE /* GeneratorOperatorEqualsBase.cpp in Sources */ = {isa = PBXBuildFile; fileRef = EF1658B92E39F9E500573EEE /* GeneratorOperatorEqualsBase.cpp */; };
		EF1658BD2E39FC7600573EEE /* WriterCpp.cpp in Sources */ = {isa = PBXBuildFile; fileRef = EF1658BC2E39FC7600573EEE /* WriterCpp.cpp */; };
		EF1658C02E39FD3500573EEE /* WriterBase.cpp in Sources */ = {isa = PBXBuildFile; fileRef = EF1658BF2E39FD3500573EEE /* WriterBase.cpp */; };
		EF1658C32E39FDF500573EEE /* RegexPatternCpp.cpp in Sources */ = {isa = PBXBuildFile; fileRef = EF1658C22E39FDF500573EEE /* RegexPatternCpp.cpp */; };
		EF1658C62E3A4BC800573EEE /* SavePluginBase.cpp in Sources */ = {isa = PBXBuildFile; fileRef = EF1658C52E3A4BC800573EEE /* SavePluginBase.cpp */; };
		EF1658C92E3A4BF900573EEE /* SavePluginCpp.cpp in Sources */ = {isa = PBXBuildFile; fileRef = EF1658C82E3A4BF900573EEE /* SavePluginCpp.cpp */; };
		EF1658CB2E3A4CB300573EEE /* FileUtils.cpp in Sources */ = {isa = PBXBuildFile; fileRef = EF1658CA2E3A4CA700573EEE /* FileUtils.cpp */; };
		EF1658CE2E3B0EF000573EEE /* SerializerBase.cpp in Sources */ = {isa = PBXBuildFile; fileRef = EF1658CD2E3B0EF000573EEE /* SerializerBase.cpp */; };
		EF1658D12E3B14D900573EEE /* SerializerCpp.cpp in Sources */ = {isa = PBXBuildFile; fileRef = EF1658D02E3B14D900573EEE /* SerializerCpp.cpp */; };
		EF1658D52E3B35AF00573EEE /* TranslatorBase.cpp in Sources */ = {isa = PBXBuildFile; fileRef = EF1658D42E3B35AF00573EEE /* TranslatorBase.cpp */; };
		EF1658D82E3B392800573EEE /* TranslatorCpp.cpp in Sources */ = {isa = PBXBuildFile; fileRef = EF1658D72E3B392800573EEE /* TranslatorCpp.cpp */; };
		EF1658DB2E3B8AB400573EEE /* GeneratorObserverCpp.cpp in Sources */ = {isa = PBXBuildFile; fileRef = EF1658DA2E3B8AB400573EEE /* GeneratorObserverCpp.cpp */; };
		EF1E96782E7D1D6B0090F967 /* tests_regex.cpp in Sources */ = {isa = PBXBuildFile; fileRef = EF1E96772E7D1D640090F967 /* tests_regex.cpp */; };
		EF1E967B2E7D463C0090F967 /* Registrar.cpp in Sources */ = {isa = PBXBuildFile; fileRef = EF1E967A2E7D463C0090F967 /* Registrar.cpp */; };
		EF1E967E2E7D52980090F967 /* Error.cpp in Sources */ = {isa = PBXBuildFile; fileRef = EF1E967D2E7D52980090F967 /* Error.cpp */; };
		EF1E96812E7D5E000090F967 /* DataParser.cpp in Sources */ = {isa = PBXBuildFile; fileRef = EF1E96802E7D5E000090F967 /* DataParser.cpp */; };
		EF1E96B62E7D5E380090F967 /* pugixml.cpp in Sources */ = {isa = PBXBuildFile; fileRef = EF1E96B12E7D5E380090F967 /* pugixml.cpp */; };
		EF1E96B72E7D5E380090F967 /* json_reader.cpp in Sources */ = {isa = PBXBuildFile; fileRef = EF1E96A52E7D5E380090F967 /* json_reader.cpp */; };
		EF1E96B82E7D5E380090F967 /* json_writer.cpp in Sources */ = {isa = PBXBuildFile; fileRef = EF1E96A92E7D5E380090F967 /* json_writer.cpp */; };
		EF1E96B92E7D5E380090F967 /* json_value.cpp in Sources */ = {isa = PBXBuildFile; fileRef = EF1E96A72E7D5E380090F967 /* json_value.cpp */; };
/* End PBXBuildFile section */

/* Begin PBXCopyFilesBuildPhase section */
		EF9A0EDC2E35B55500D4FCEA /* CopyFiles */ = {
			isa = PBXCopyFilesBuildPhase;
			buildActionMask = 2147483647;
			dstPath = /usr/share/man/man1/;
			dstSubfolderSpec = 0;
			files = (
			);
			runOnlyForDeploymentPostprocessing = 1;
		};
/* End PBXCopyFilesBuildPhase section */

/* Begin PBXFileReference section */
		EF0F7E762E37190D0039F169 /* Linker.hpp */ = {isa = PBXFileReference; lastKnownFileType = sourcecode.cpp.h; path = Linker.hpp; sourceTree = "<group>"; };
		EF0F7E772E37190D0039F169 /* Linker.cpp */ = {isa = PBXFileReference; lastKnownFileType = sourcecode.cpp.cpp; path = Linker.cpp; sourceTree = "<group>"; };
		EF0F7E782E37190D0039F169 /* Parser.hpp */ = {isa = PBXFileReference; lastKnownFileType = sourcecode.cpp.h; path = Parser.hpp; sourceTree = "<group>"; };
		EF0F7E792E37190D0039F169 /* Parser.cpp */ = {isa = PBXFileReference; lastKnownFileType = sourcecode.cpp.cpp; path = Parser.cpp; sourceTree = "<group>"; };
		EF0F7E7B2E37190D0039F169 /* main.cpp */ = {isa = PBXFileReference; lastKnownFileType = sourcecode.cpp.cpp; path = main.cpp; sourceTree = "<group>"; };
		EF0F7E7C2E37190D0039F169 /* Class.hpp */ = {isa = PBXFileReference; lastKnownFileType = sourcecode.cpp.h; path = Class.hpp; sourceTree = "<group>"; };
		EF0F7E7D2E37190D0039F169 /* Class.cpp */ = {isa = PBXFileReference; lastKnownFileType = sourcecode.cpp.cpp; path = Class.cpp; sourceTree = "<group>"; };
		EF0F7E7E2E37190D0039F169 /* Function.hpp */ = {isa = PBXFileReference; lastKnownFileType = sourcecode.cpp.h; path = Function.hpp; sourceTree = "<group>"; };
		EF0F7E7F2E37190D0039F169 /* Function.cpp */ = {isa = PBXFileReference; lastKnownFileType = sourcecode.cpp.cpp; path = Function.cpp; sourceTree = "<group>"; };
		EF0F7E802E37190D0039F169 /* Model.hpp */ = {isa = PBXFileReference; lastKnownFileType = sourcecode.cpp.h; path = Model.hpp; sourceTree = "<group>"; };
		EF0F7E812E37190D0039F169 /* Model.cpp */ = {isa = PBXFileReference; lastKnownFileType = sourcecode.cpp.cpp; path = Model.cpp; sourceTree = "<group>"; };
		EF0F7E822E37190D0039F169 /* Modifier.h */ = {isa = PBXFileReference; lastKnownFileType = sourcecode.c.h; path = Modifier.h; sourceTree = "<group>"; };
		EF0F7E832E37190D0039F169 /* Object.hpp */ = {isa = PBXFileReference; lastKnownFileType = sourcecode.cpp.h; path = Object.hpp; sourceTree = "<group>"; };
		EF0F7E842E37190D0039F169 /* Object.cpp */ = {isa = PBXFileReference; lastKnownFileType = sourcecode.cpp.cpp; path = Object.cpp; sourceTree = "<group>"; };
		EF0F7E862E37190D0039F169 /* Lexer.hpp */ = {isa = PBXFileReference; lastKnownFileType = sourcecode.cpp.h; path = Lexer.hpp; sourceTree = "<group>"; };
		EF0F7E872E37190D0039F169 /* Lexer.cpp */ = {isa = PBXFileReference; lastKnownFileType = sourcecode.cpp.cpp; path = Lexer.cpp; sourceTree = "<group>"; };
		EF0F7E882E37190D0039F169 /* ParserLexem.hpp */ = {isa = PBXFileReference; lastKnownFileType = sourcecode.cpp.h; path = ParserLexem.hpp; sourceTree = "<group>"; };
		EF0F7E892E37190D0039F169 /* ParserLexem.cpp */ = {isa = PBXFileReference; lastKnownFileType = sourcecode.cpp.cpp; path = ParserLexem.cpp; sourceTree = "<group>"; };
		EF0F7E8B2E37190D0039F169 /* FileUtils.hpp */ = {isa = PBXFileReference; lastKnownFileType = sourcecode.cpp.h; path = FileUtils.hpp; sourceTree = "<group>"; };
		EF0F7E972E371A140039F169 /* tests.hpp */ = {isa = PBXFileReference; lastKnownFileType = sourcecode.cpp.h; path = tests.hpp; sourceTree = "<group>"; };
		EF0F7E982E371A140039F169 /* tests_parser_lexer.cpp */ = {isa = PBXFileReference; lastKnownFileType = sourcecode.cpp.cpp; path = tests_parser_lexer.cpp; sourceTree = "<group>"; };
		EF0F7E9A2E3767FE0039F169 /* CircularReference.hpp */ = {isa = PBXFileReference; lastKnownFileType = sourcecode.cpp.h; path = CircularReference.hpp; sourceTree = "<group>"; };
		EF0F7E9B2E3767FE0039F169 /* CircularReference.cpp */ = {isa = PBXFileReference; lastKnownFileType = sourcecode.cpp.cpp; path = CircularReference.cpp; sourceTree = "<group>"; };
		EF0F7E9D2E3769610039F169 /* Mlc.hpp */ = {isa = PBXFileReference; lastKnownFileType = sourcecode.cpp.h; path = Mlc.hpp; sourceTree = "<group>"; };
		EF0F7E9E2E3769610039F169 /* Mlc.cpp */ = {isa = PBXFileReference; lastKnownFileType = sourcecode.cpp.cpp; path = Mlc.cpp; sourceTree = "<group>"; };
		EF0F7EA02E376CDE0039F169 /* GeneratorVisitor.hpp */ = {isa = PBXFileReference; lastKnownFileType = sourcecode.cpp.h; path = GeneratorVisitor.hpp; sourceTree = "<group>"; };
		EF0F7EA12E376CDE0039F169 /* GeneratorVisitor.cpp */ = {isa = PBXFileReference; lastKnownFileType = sourcecode.cpp.cpp; path = GeneratorVisitor.cpp; sourceTree = "<group>"; };
		EF16589A2E38C99400573EEE /* GeneratorUnitTestsInterface.hpp */ = {isa = PBXFileReference; lastKnownFileType = sourcecode.cpp.h; path = GeneratorUnitTestsInterface.hpp; sourceTree = "<group>"; };
		EF16589B2E38C99400573EEE /* GeneratorUnitTestsInterface.cpp */ = {isa = PBXFileReference; lastKnownFileType = sourcecode.cpp.cpp; path = GeneratorUnitTestsInterface.cpp; sourceTree = "<group>"; };
		EF16589D2E39E02900573EEE /* Common.hpp */ = {isa = PBXFileReference; lastKnownFileType = sourcecode.cpp.h; path = Common.hpp; sourceTree = "<group>"; };
		EF16589E2E39E15300573EEE /* Common.cpp */ = {isa = PBXFileReference; lastKnownFileType = sourcecode.cpp.cpp; path = Common.cpp; sourceTree = "<group>"; };
		EF1658A02E39E58900573EEE /* GeneratorDataStorageBase.hpp */ = {isa = PBXFileReference; lastKnownFileType = sourcecode.cpp.h; path = GeneratorDataStorageBase.hpp; sourceTree = "<group>"; };
		EF1658A12E39E58900573EEE /* GeneratorDataStorageBase.cpp */ = {isa = PBXFileReference; lastKnownFileType = sourcecode.cpp.cpp; path = GeneratorDataStorageBase.cpp; sourceTree = "<group>"; };
		EF1658A42E39E92100573EEE /* GeneratorDataStorageCpp.hpp */ = {isa = PBXFileReference; lastKnownFileType = sourcecode.cpp.h; path = GeneratorDataStorageCpp.hpp; sourceTree = "<group>"; };
		EF1658A52E39E92100573EEE /* GeneratorDataStorageCpp.cpp */ = {isa = PBXFileReference; lastKnownFileType = sourcecode.cpp.cpp; path = GeneratorDataStorageCpp.cpp; sourceTree = "<group>"; };
		EF1658A72E39EE0300573EEE /* GeneratorCpp.hpp */ = {isa = PBXFileReference; lastKnownFileType = sourcecode.cpp.h; path = GeneratorCpp.hpp; sourceTree = "<group>"; };
		EF1658A82E39EE0300573EEE /* GeneratorCpp.cpp */ = {isa = PBXFileReference; lastKnownFileType = sourcecode.cpp.cpp; path = GeneratorCpp.cpp; sourceTree = "<group>"; };
		EF1658AA2E39EE3E00573EEE /* Generator.hpp */ = {isa = PBXFileReference; lastKnownFileType = sourcecode.cpp.h; path = Generator.hpp; sourceTree = "<group>"; };
		EF1658AD2E39EF3100573EEE /* GeneratorPredefinedFilesCpp.hpp */ = {isa = PBXFileReference; lastKnownFileType = sourcecode.cpp.h; path = GeneratorPredefinedFilesCpp.hpp; sourceTree = "<group>"; };
		EF1658AE2E39EF3100573EEE /* GeneratorPredefinedFilesCpp.cpp */ = {isa = PBXFileReference; lastKnownFileType = sourcecode.cpp.cpp; path = GeneratorPredefinedFilesCpp.cpp; sourceTree = "<group>"; };
		EF1658B12E39EF6E00573EEE /* extensions.h */ = {isa = PBXFileReference; lastKnownFileType = sourcecode.c.h; path = extensions.h; sourceTree = "<group>"; };
		EF1658B22E39F6C700573EEE /* GeneratorRefCounterCpp.hpp */ = {isa = PBXFileReference; lastKnownFileType = sourcecode.cpp.h; path = GeneratorRefCounterCpp.hpp; sourceTree = "<group>"; };
		EF1658B32E39F6C700573EEE /* GeneratorRefCounterCpp.cpp */ = {isa = PBXFileReference; lastKnownFileType = sourcecode.cpp.cpp; path = GeneratorRefCounterCpp.cpp; sourceTree = "<group>"; };
		EF1658B52E39F97200573EEE /* GeneratorOperatorEqualsCpp.hpp */ = {isa = PBXFileReference; lastKnownFileType = sourcecode.cpp.h; path = GeneratorOperatorEqualsCpp.hpp; sourceTree = "<group>"; };
		EF1658B62E39F97200573EEE /* GeneratorOperatorEqualsCpp.cpp */ = {isa = PBXFileReference; lastKnownFileType = sourcecode.cpp.cpp; path = GeneratorOperatorEqualsCpp.cpp; sourceTree = "<group>"; };
		EF1658B82E39F9E500573EEE /* GeneratorOperatorEqualsBase.hpp */ = {isa = PBXFileReference; lastKnownFileType = sourcecode.cpp.h; path = GeneratorOperatorEqualsBase.hpp; sourceTree = "<group>"; };
		EF1658B92E39F9E500573EEE /* GeneratorOperatorEqualsBase.cpp */ = {isa = PBXFileReference; lastKnownFileType = sourcecode.cpp.cpp; path = GeneratorOperatorEqualsBase.cpp; sourceTree = "<group>"; };
		EF1658BB2E39FC7600573EEE /* WriterCpp.hpp */ = {isa = PBXFileReference; lastKnownFileType = sourcecode.cpp.h; path = WriterCpp.hpp; sourceTree = "<group>"; };
		EF1658BC2E39FC7600573EEE /* WriterCpp.cpp */ = {isa = PBXFileReference; lastKnownFileType = sourcecode.cpp.cpp; path = WriterCpp.cpp; sourceTree = "<group>"; };
		EF1658BE2E39FD3500573EEE /* WriterBase.hpp */ = {isa = PBXFileReference; lastKnownFileType = sourcecode.cpp.h; path = WriterBase.hpp; sourceTree = "<group>"; };
		EF1658BF2E39FD3500573EEE /* WriterBase.cpp */ = {isa = PBXFileReference; lastKnownFileType = sourcecode.cpp.cpp; path = WriterBase.cpp; sourceTree = "<group>"; };
		EF1658C12E39FDF500573EEE /* RegexPatternCpp.hpp */ = {isa = PBXFileReference; lastKnownFileType = sourcecode.cpp.h; path = RegexPatternCpp.hpp; sourceTree = "<group>"; };
		EF1658C22E39FDF500573EEE /* RegexPatternCpp.cpp */ = {isa = PBXFileReference; lastKnownFileType = sourcecode.cpp.cpp; path = RegexPatternCpp.cpp; sourceTree = "<group>"; };
		EF1658C42E3A4BC800573EEE /* SavePluginBase.hpp */ = {isa = PBXFileReference; lastKnownFileType = sourcecode.cpp.h; path = SavePluginBase.hpp; sourceTree = "<group>"; };
		EF1658C52E3A4BC800573EEE /* SavePluginBase.cpp */ = {isa = PBXFileReference; lastKnownFileType = sourcecode.cpp.cpp; path = SavePluginBase.cpp; sourceTree = "<group>"; };
		EF1658C72E3A4BF900573EEE /* SavePluginCpp.hpp */ = {isa = PBXFileReference; lastKnownFileType = sourcecode.cpp.h; path = SavePluginCpp.hpp; sourceTree = "<group>"; };
		EF1658C82E3A4BF900573EEE /* SavePluginCpp.cpp */ = {isa = PBXFileReference; lastKnownFileType = sourcecode.cpp.cpp; path = SavePluginCpp.cpp; sourceTree = "<group>"; };
		EF1658CA2E3A4CA700573EEE /* FileUtils.cpp */ = {isa = PBXFileReference; lastKnownFileType = sourcecode.cpp.cpp; path = FileUtils.cpp; sourceTree = "<group>"; };
		EF1658CC2E3B0EF000573EEE /* SerializerBase.hpp */ = {isa = PBXFileReference; lastKnownFileType = sourcecode.cpp.h; path = SerializerBase.hpp; sourceTree = "<group>"; };
		EF1658CD2E3B0EF000573EEE /* SerializerBase.cpp */ = {isa = PBXFileReference; lastKnownFileType = sourcecode.cpp.cpp; path = SerializerBase.cpp; sourceTree = "<group>"; };
		EF1658CF2E3B14D900573EEE /* SerializerCpp.hpp */ = {isa = PBXFileReference; lastKnownFileType = sourcecode.cpp.h; path = SerializerCpp.hpp; sourceTree = "<group>"; };
		EF1658D02E3B14D900573EEE /* SerializerCpp.cpp */ = {isa = PBXFileReference; lastKnownFileType = sourcecode.cpp.cpp; path = SerializerCpp.cpp; sourceTree = "<group>"; };
		EF1658D22E3B173100573EEE /* protocols.hpp */ = {isa = PBXFileReference; lastKnownFileType = sourcecode.cpp.h; path = protocols.hpp; sourceTree = "<group>"; };
		EF1658D32E3B35AF00573EEE /* TranslatorBase.hpp */ = {isa = PBXFileReference; lastKnownFileType = sourcecode.cpp.h; path = TranslatorBase.hpp; sourceTree = "<group>"; };
		EF1658D42E3B35AF00573EEE /* TranslatorBase.cpp */ = {isa = PBXFileReference; lastKnownFileType = sourcecode.cpp.cpp; path = TranslatorBase.cpp; sourceTree = "<group>"; };
		EF1658D62E3B392800573EEE /* TranslatorCpp.hpp */ = {isa = PBXFileReference; lastKnownFileType = sourcecode.cpp.h; path = TranslatorCpp.hpp; sourceTree = "<group>"; };
		EF1658D72E3B392800573EEE /* TranslatorCpp.cpp */ = {isa = PBXFileReference; lastKnownFileType = sourcecode.cpp.cpp; path = TranslatorCpp.cpp; sourceTree = "<group>"; };
		EF1658D92E3B8AB400573EEE /* GeneratorObserverCpp.hpp */ = {isa = PBXFileReference; lastKnownFileType = sourcecode.cpp.h; path = GeneratorObserverCpp.hpp; sourceTree = "<group>"; };
		EF1658DA2E3B8AB400573EEE /* GeneratorObserverCpp.cpp */ = {isa = PBXFileReference; lastKnownFileType = sourcecode.cpp.cpp; path = GeneratorObserverCpp.cpp; sourceTree = "<group>"; };
		EF1E96772E7D1D640090F967 /* tests_regex.cpp */ = {isa = PBXFileReference; lastKnownFileType = sourcecode.cpp.cpp; path = tests_regex.cpp; sourceTree = "<group>"; };
		EF1E96792E7D463C0090F967 /* Registrar.hpp */ = {isa = PBXFileReference; lastKnownFileType = sourcecode.cpp.h; path = Registrar.hpp; sourceTree = "<group>"; };
		EF1E967A2E7D463C0090F967 /* Registrar.cpp */ = {isa = PBXFileReference; lastKnownFileType = sourcecode.cpp.cpp; path = Registrar.cpp; sourceTree = "<group>"; };
		EF1E967C2E7D52980090F967 /* Error.hpp */ = {isa = PBXFileReference; lastKnownFileType = sourcecode.cpp.h; path = Error.hpp; sourceTree = "<group>"; };
		EF1E967D2E7D52980090F967 /* Error.cpp */ = {isa = PBXFileReference; lastKnownFileType = sourcecode.cpp.cpp; path = Error.cpp; sourceTree = "<group>"; };
		EF1E967F2E7D5E000090F967 /* DataParser.hpp */ = {isa = PBXFileReference; lastKnownFileType = sourcecode.cpp.h; path = DataParser.hpp; sourceTree = "<group>"; };
		EF1E96802E7D5E000090F967 /* DataParser.cpp */ = {isa = PBXFileReference; lastKnownFileType = sourcecode.cpp.cpp; path = DataParser.cpp; sourceTree = "<group>"; };
		EF1E969E2E7D5E380090F967 /* allocator.h */ = {isa = PBXFileReference; lastKnownFileType = sourcecode.c.h; path = allocator.h; sourceTree = "<group>"; };
		EF1E969F2E7D5E380090F967 /* assertions.h */ = {isa = PBXFileReference; lastKnownFileType = sourcecode.c.h; path = assertions.h; sourceTree = "<group>"; };
		EF1E96A02E7D5E380090F967 /* autolink.h */ = {isa = PBXFileReference; lastKnownFileType = sourcecode.c.h; path = autolink.h; sourceTree = "<group>"; };
		EF1E96A12E7D5E380090F967 /* config.h */ = {isa = PBXFileReference; lastKnownFileType = sourcecode.c.h; path = config.h; sourceTree = "<group>"; };
		EF1E96A22E7D5E380090F967 /* features.h */ = {isa = PBXFileReference; lastKnownFileType = sourcecode.c.h; path = features.h; sourceTree = "<group>"; };
		EF1E96A32E7D5E380090F967 /* forwards.h */ = {isa = PBXFileReference; lastKnownFileType = sourcecode.c.h; path = forwards.h; sourceTree = "<group>"; };
		EF1E96A42E7D5E380090F967 /* json.h */ = {isa = PBXFileReference; lastKnownFileType = sourcecode.c.h; path = json.h; sourceTree = "<group>"; };
		EF1E96A52E7D5E380090F967 /* json_reader.cpp */ = {isa = PBXFileReference; lastKnownFileType = sourcecode.cpp.cpp; path = json_reader.cpp; sourceTree = "<group>"; };
		EF1E96A62E7D5E380090F967 /* json_tool.h */ = {isa = PBXFileReference; lastKnownFileType = sourcecode.c.h; path = json_tool.h; sourceTree = "<group>"; };
		EF1E96A72E7D5E380090F967 /* json_value.cpp */ = {isa = PBXFileReference; lastKnownFileType = sourcecode.cpp.cpp; path = json_value.cpp; sourceTree = "<group>"; };
		EF1E96A82E7D5E380090F967 /* json_valueiterator.inl */ = {isa = PBXFileReference; lastKnownFileType = text; path = json_valueiterator.inl; sourceTree = "<group>"; };
		EF1E96A92E7D5E380090F967 /* json_writer.cpp */ = {isa = PBXFileReference; lastKnownFileType = sourcecode.cpp.cpp; path = json_writer.cpp; sourceTree = "<group>"; };
		EF1E96AA2E7D5E380090F967 /* reader.h */ = {isa = PBXFileReference; lastKnownFileType = sourcecode.c.h; path = reader.h; sourceTree = "<group>"; };
		EF1E96AB2E7D5E380090F967 /* value.h */ = {isa = PBXFileReference; lastKnownFileType = sourcecode.c.h; path = value.h; sourceTree = "<group>"; };
		EF1E96AC2E7D5E380090F967 /* version.h */ = {isa = PBXFileReference; lastKnownFileType = sourcecode.c.h; path = version.h; sourceTree = "<group>"; };
		EF1E96AD2E7D5E380090F967 /* writer.h */ = {isa = PBXFileReference; lastKnownFileType = sourcecode.c.h; path = writer.h; sourceTree = "<group>"; };
		EF1E96AF2E7D5E380090F967 /* pugiconfig.hpp */ = {isa = PBXFileReference; lastKnownFileType = sourcecode.cpp.h; path = pugiconfig.hpp; sourceTree = "<group>"; };
		EF1E96B02E7D5E380090F967 /* pugixml.hpp */ = {isa = PBXFileReference; lastKnownFileType = sourcecode.cpp.h; path = pugixml.hpp; sourceTree = "<group>"; };
		EF1E96B12E7D5E380090F967 /* pugixml.cpp */ = {isa = PBXFileReference; lastKnownFileType = sourcecode.cpp.cpp; path = pugixml.cpp; sourceTree = "<group>"; };
		EF9A0EDE2E35B55500D4FCEA /* mlc-cpp */ = {isa = PBXFileReference; explicitFileType = "compiled.mach-o.executable"; includeInIndex = 0; path = "mlc-cpp"; sourceTree = BUILT_PRODUCTS_DIR; };
/* End PBXFileReference section */

/* Begin PBXFrameworksBuildPhase section */
		EF9A0EDB2E35B55500D4FCEA /* Frameworks */ = {
			isa = PBXFrameworksBuildPhase;
			buildActionMask = 2147483647;
			files = (
			);
			runOnlyForDeploymentPostprocessing = 0;
		};
/* End PBXFrameworksBuildPhase section */

/* Begin PBXGroup section */
		EF0F7E7A2E37190D0039F169 /* core */ = {
			isa = PBXGroup;
			children = (
				EF1E967F2E7D5E000090F967 /* DataParser.hpp */,
				EF1E96802E7D5E000090F967 /* DataParser.cpp */,
				EF1E96792E7D463C0090F967 /* Registrar.hpp */,
				EF1E967A2E7D463C0090F967 /* Registrar.cpp */,
				EF0F7E762E37190D0039F169 /* Linker.hpp */,
				EF0F7E772E37190D0039F169 /* Linker.cpp */,
				EF0F7E782E37190D0039F169 /* Parser.hpp */,
				EF0F7E792E37190D0039F169 /* Parser.cpp */,
				EF0F7E9A2E3767FE0039F169 /* CircularReference.hpp */,
				EF0F7E9B2E3767FE0039F169 /* CircularReference.cpp */,
				EF0F7EA02E376CDE0039F169 /* GeneratorVisitor.hpp */,
				EF0F7EA12E376CDE0039F169 /* GeneratorVisitor.cpp */,
				EF16589A2E38C99400573EEE /* GeneratorUnitTestsInterface.hpp */,
				EF16589B2E38C99400573EEE /* GeneratorUnitTestsInterface.cpp */,
				EF1658A02E39E58900573EEE /* GeneratorDataStorageBase.hpp */,
				EF1658A12E39E58900573EEE /* GeneratorDataStorageBase.cpp */,
				EF1658AA2E39EE3E00573EEE /* Generator.hpp */,
				EF1658B82E39F9E500573EEE /* GeneratorOperatorEqualsBase.hpp */,
				EF1658B92E39F9E500573EEE /* GeneratorOperatorEqualsBase.cpp */,
				EF1658BE2E39FD3500573EEE /* WriterBase.hpp */,
				EF1658BF2E39FD3500573EEE /* WriterBase.cpp */,
				EF1658C42E3A4BC800573EEE /* SavePluginBase.hpp */,
				EF1658C52E3A4BC800573EEE /* SavePluginBase.cpp */,
				EF1658CC2E3B0EF000573EEE /* SerializerBase.hpp */,
				EF1658CD2E3B0EF000573EEE /* SerializerBase.cpp */,
				EF1658D32E3B35AF00573EEE /* TranslatorBase.hpp */,
				EF1658D42E3B35AF00573EEE /* TranslatorBase.cpp */,
			);
			path = core;
			sourceTree = "<group>";
		};
		EF0F7E852E37190D0039F169 /* models */ = {
			isa = PBXGroup;
			children = (
				EF0F7E7C2E37190D0039F169 /* Class.hpp */,
				EF0F7E7D2E37190D0039F169 /* Class.cpp */,
				EF0F7E7E2E37190D0039F169 /* Function.hpp */,
				EF0F7E7F2E37190D0039F169 /* Function.cpp */,
				EF0F7E802E37190D0039F169 /* Model.hpp */,
				EF0F7E812E37190D0039F169 /* Model.cpp */,
				EF0F7E822E37190D0039F169 /* Modifier.h */,
				EF0F7E832E37190D0039F169 /* Object.hpp */,
				EF0F7E842E37190D0039F169 /* Object.cpp */,
			);
			path = models;
			sourceTree = "<group>";
		};
		EF0F7E8A2E37190D0039F169 /* parser */ = {
			isa = PBXGroup;
			children = (
				EF0F7E862E37190D0039F169 /* Lexer.hpp */,
				EF0F7E872E37190D0039F169 /* Lexer.cpp */,
				EF0F7E882E37190D0039F169 /* ParserLexem.hpp */,
				EF0F7E892E37190D0039F169 /* ParserLexem.cpp */,
			);
			path = parser;
			sourceTree = "<group>";
		};
		EF0F7E8C2E37190D0039F169 /* utils */ = {
			isa = PBXGroup;
			children = (
				EF1E967C2E7D52980090F967 /* Error.hpp */,
				EF1E967D2E7D52980090F967 /* Error.cpp */,
				EF1658CA2E3A4CA700573EEE /* FileUtils.cpp */,
				EF0F7E8B2E37190D0039F169 /* FileUtils.hpp */,
				EF16589D2E39E02900573EEE /* Common.hpp */,
				EF16589E2E39E15300573EEE /* Common.cpp */,
			);
			path = utils;
			sourceTree = "<group>";
		};
		EF0F7E962E3719F70039F169 /* tests */ = {
			isa = PBXGroup;
			children = (
				EF1E96772E7D1D640090F967 /* tests_regex.cpp */,
				EF0F7E972E371A140039F169 /* tests.hpp */,
				EF0F7E982E371A140039F169 /* tests_parser_lexer.cpp */,
			);
			path = tests;
			sourceTree = "<group>";
		};
		EF1658A32E39E91400573EEE /* module_cpp */ = {
			isa = PBXGroup;
			children = (
				EF1658B02E39EF5300573EEE /* code */,
				EF1658A72E39EE0300573EEE /* GeneratorCpp.hpp */,
				EF1658A82E39EE0300573EEE /* GeneratorCpp.cpp */,
				EF1658A42E39E92100573EEE /* GeneratorDataStorageCpp.hpp */,
				EF1658A52E39E92100573EEE /* GeneratorDataStorageCpp.cpp */,
				EF1658D92E3B8AB400573EEE /* GeneratorObserverCpp.hpp */,
				EF1658DA2E3B8AB400573EEE /* GeneratorObserverCpp.cpp */,
				EF1658B52E39F97200573EEE /* GeneratorOperatorEqualsCpp.hpp */,
				EF1658B62E39F97200573EEE /* GeneratorOperatorEqualsCpp.cpp */,
				EF1658AD2E39EF3100573EEE /* GeneratorPredefinedFilesCpp.hpp */,
				EF1658AE2E39EF3100573EEE /* GeneratorPredefinedFilesCpp.cpp */,
				EF1658B22E39F6C700573EEE /* GeneratorRefCounterCpp.hpp */,
				EF1658B32E39F6C700573EEE /* GeneratorRefCounterCpp.cpp */,
				EF1658D22E3B173100573EEE /* protocols.hpp */,
				EF1658C12E39FDF500573EEE /* RegexPatternCpp.hpp */,
				EF1658C22E39FDF500573EEE /* RegexPatternCpp.cpp */,
				EF1658C72E3A4BF900573EEE /* SavePluginCpp.hpp */,
				EF1658C82E3A4BF900573EEE /* SavePluginCpp.cpp */,
				EF1658CF2E3B14D900573EEE /* SerializerCpp.hpp */,
				EF1658D02E3B14D900573EEE /* SerializerCpp.cpp */,
				EF1658D62E3B392800573EEE /* TranslatorCpp.hpp */,
				EF1658D72E3B392800573EEE /* TranslatorCpp.cpp */,
				EF1658BB2E39FC7600573EEE /* WriterCpp.hpp */,
				EF1658BC2E39FC7600573EEE /* WriterCpp.cpp */,
			);
			path = module_cpp;
			sourceTree = "<group>";
		};
		EF1658B02E39EF5300573EEE /* code */ = {
			isa = PBXGroup;
			children = (
				EF1658B12E39EF6E00573EEE /* extensions.h */,
			);
			path = code;
			sourceTree = "<group>";
		};
		EF1E96AE2E7D5E380090F967 /* jsoncpp */ = {
			isa = PBXGroup;
			children = (
				EF1E969E2E7D5E380090F967 /* allocator.h */,
				EF1E969F2E7D5E380090F967 /* assertions.h */,
				EF1E96A02E7D5E380090F967 /* autolink.h */,
				EF1E96A12E7D5E380090F967 /* config.h */,
				EF1E96A22E7D5E380090F967 /* features.h */,
				EF1E96A32E7D5E380090F967 /* forwards.h */,
				EF1E96A42E7D5E380090F967 /* json.h */,
				EF1E96A52E7D5E380090F967 /* json_reader.cpp */,
				EF1E96A62E7D5E380090F967 /* json_tool.h */,
				EF1E96A72E7D5E380090F967 /* json_value.cpp */,
				EF1E96A82E7D5E380090F967 /* json_valueiterator.inl */,
				EF1E96A92E7D5E380090F967 /* json_writer.cpp */,
				EF1E96AA2E7D5E380090F967 /* reader.h */,
				EF1E96AB2E7D5E380090F967 /* value.h */,
				EF1E96AC2E7D5E380090F967 /* version.h */,
				EF1E96AD2E7D5E380090F967 /* writer.h */,
			);
			path = jsoncpp;
			sourceTree = "<group>";
		};
		EF1E96B22E7D5E380090F967 /* pugixml */ = {
			isa = PBXGroup;
			children = (
				EF1E96AF2E7D5E380090F967 /* pugiconfig.hpp */,
				EF1E96B02E7D5E380090F967 /* pugixml.hpp */,
				EF1E96B12E7D5E380090F967 /* pugixml.cpp */,
			);
			path = pugixml;
			sourceTree = "<group>";
		};
		EF1E96B52E7D5E380090F967 /* third_party */ = {
			isa = PBXGroup;
			children = (
				EF1E96AE2E7D5E380090F967 /* jsoncpp */,
				EF1E96B22E7D5E380090F967 /* pugixml */,
			);
			path = third_party;
			sourceTree = "<group>";
		};
		EF9A0ED52E35B55500D4FCEA = {
			isa = PBXGroup;
			children = (
				EF1E96B52E7D5E380090F967 /* third_party */,
				EFFB70892E36168C0081BF5E /* mlc-cpp */,
				EF9A0EDF2E35B55500D4FCEA /* Products */,
			);
			sourceTree = "<group>";
		};
		EF9A0EDF2E35B55500D4FCEA /* Products */ = {
			isa = PBXGroup;
			children = (
				EF9A0EDE2E35B55500D4FCEA /* mlc-cpp */,
			);
			name = Products;
			sourceTree = "<group>";
		};
		EFFB70892E36168C0081BF5E /* mlc-cpp */ = {
			isa = PBXGroup;
			children = (
				EF0F7E962E3719F70039F169 /* tests */,
				EF0F7E7A2E37190D0039F169 /* core */,
				EF0F7E852E37190D0039F169 /* models */,
				EF0F7E8A2E37190D0039F169 /* parser */,
				EF0F7E8C2E37190D0039F169 /* utils */,
				EF0F7E9D2E3769610039F169 /* Mlc.hpp */,
				EF0F7E9E2E3769610039F169 /* Mlc.cpp */,
				EF0F7E7B2E37190D0039F169 /* main.cpp */,
				EF1658A32E39E91400573EEE /* module_cpp */,
			);
			path = "mlc-cpp";
			sourceTree = "<group>";
		};
/* End PBXGroup section */

/* Begin PBXNativeTarget section */
		EF9A0EDD2E35B55500D4FCEA /* mlc-cpp */ = {
			isa = PBXNativeTarget;
			buildConfigurationList = EF9A0EE52E35B55600D4FCEA /* Build configuration list for PBXNativeTarget "mlc-cpp" */;
			buildPhases = (
				EF9A0EDA2E35B55500D4FCEA /* Sources */,
				EF9A0EDB2E35B55500D4FCEA /* Frameworks */,
				EF9A0EDC2E35B55500D4FCEA /* CopyFiles */,
			);
			buildRules = (
			);
			dependencies = (
			);
			name = "mlc-cpp";
			packageProductDependencies = (
			);
			productName = "mlc-cpp";
			productReference = EF9A0EDE2E35B55500D4FCEA /* mlc-cpp */;
			productType = "com.apple.product-type.tool";
		};
/* End PBXNativeTarget section */

/* Begin PBXProject section */
		EF9A0ED62E35B55500D4FCEA /* Project object */ = {
			isa = PBXProject;
			attributes = {
				BuildIndependentTargetsInParallel = 1;
				LastUpgradeCheck = 1630;
				TargetAttributes = {
					EF9A0EDD2E35B55500D4FCEA = {
						CreatedOnToolsVersion = 16.3;
					};
				};
			};
			buildConfigurationList = EF9A0ED92E35B55500D4FCEA /* Build configuration list for PBXProject "mlc-cpp" */;
			developmentRegion = en;
			hasScannedForEncodings = 0;
			knownRegions = (
				en,
				Base,
			);
			mainGroup = EF9A0ED52E35B55500D4FCEA;
			minimizedProjectReferenceProxies = 1;
			preferredProjectObjectVersion = 77;
			productRefGroup = EF9A0EDF2E35B55500D4FCEA /* Products */;
			projectDirPath = "";
			projectRoot = "";
			targets = (
				EF9A0EDD2E35B55500D4FCEA /* mlc-cpp */,
			);
		};
/* End PBXProject section */

/* Begin PBXSourcesBuildPhase section */
		EF9A0EDA2E35B55500D4FCEA /* Sources */ = {
			isa = PBXSourcesBuildPhase;
			buildActionMask = 2147483647;
			files = (
				EF0F7EA22E376CDE0039F169 /* GeneratorVisitor.cpp in Sources */,
				EF1658B72E39F97200573EEE /* GeneratorOperatorEqualsCpp.cpp in Sources */,
				EF1658AF2E39EF3100573EEE /* GeneratorPredefinedFilesCpp.cpp in Sources */,
				EF1658CB2E3A4CB300573EEE /* FileUtils.cpp in Sources */,
				EF0F7E9F2E3769610039F169 /* Mlc.cpp in Sources */,
				EF0F7E8D2E37190D0039F169 /* Function.cpp in Sources */,
				EF1658D52E3B35AF00573EEE /* TranslatorBase.cpp in Sources */,
				EF1E967B2E7D463C0090F967 /* Registrar.cpp in Sources */,
				EF0F7E8E2E37190D0039F169 /* Linker.cpp in Sources */,
				EF0F7E8F2E37190D0039F169 /* Object.cpp in Sources */,
				EF0F7E902E37190D0039F169 /* Model.cpp in Sources */,
				EF0F7E9C2E3767FE0039F169 /* CircularReference.cpp in Sources */,
				EF1E967E2E7D52980090F967 /* Error.cpp in Sources */,
				EF0F7E912E37190D0039F169 /* Lexer.cpp in Sources */,
				EF16589F2E39E15300573EEE /* Common.cpp in Sources */,
				EF1658CE2E3B0EF000573EEE /* SerializerBase.cpp in Sources */,
				EF0F7E922E37190D0039F169 /* Parser.cpp in Sources */,
				EF1E96B62E7D5E380090F967 /* pugixml.cpp in Sources */,
				EF1E96B72E7D5E380090F967 /* json_reader.cpp in Sources */,
				EF1E96B82E7D5E380090F967 /* json_writer.cpp in Sources */,
				EF1E96B92E7D5E380090F967 /* json_value.cpp in Sources */,
				EF1658D82E3B392800573EEE /* TranslatorCpp.cpp in Sources */,
				EF0F7E932E37190D0039F169 /* ParserLexem.cpp in Sources */,
				EF1E96782E7D1D6B0090F967 /* tests_regex.cpp in Sources */,
				EF0F7E942E37190D0039F169 /* main.cpp in Sources */,
				EF0F7E952E37190D0039F169 /* Class.cpp in Sources */,
				EF1658C02E39FD3500573EEE /* WriterBase.cpp in Sources */,
				EF1658C32E39FDF500573EEE /* RegexPatternCpp.cpp in Sources */,
				EF1658BD2E39FC7600573EEE /* WriterCpp.cpp in Sources */,
				EF1658B42E39F6C700573EEE /* GeneratorRefCounterCpp.cpp in Sources */,
				EF1658D12E3B14D900573EEE /* SerializerCpp.cpp in Sources */,
				EF0F7E992E371A140039F169 /* tests_parser_lexer.cpp in Sources */,
				EF1658A62E39E92100573EEE /* GeneratorDataStorageCpp.cpp in Sources */,
				EF1658C92E3A4BF900573EEE /* SavePluginCpp.cpp in Sources */,
				EF1E96812E7D5E000090F967 /* DataParser.cpp in Sources */,
				EF1658A92E39EE0300573EEE /* GeneratorCpp.cpp in Sources */,
				EF1658C62E3A4BC800573EEE /* SavePluginBase.cpp in Sources */,
				EF1658BA2E39F9E500573EEE /* GeneratorOperatorEqualsBase.cpp in Sources */,
				EF1658DB2E3B8AB400573EEE /* GeneratorObserverCpp.cpp in Sources */,
				EF1658A22E39E58900573EEE /* GeneratorDataStorageBase.cpp in Sources */,
				EF16589C2E38C99400573EEE /* GeneratorUnitTestsInterface.cpp in Sources */,
			);
			runOnlyForDeploymentPostprocessing = 0;
		};
/* End PBXSourcesBuildPhase section */

/* Begin XCBuildConfiguration section */
		EF9A0EE32E35B55600D4FCEA /* Debug */ = {
			isa = XCBuildConfiguration;
			buildSettings = {
				ALWAYS_SEARCH_USER_PATHS = NO;
				ASSETCATALOG_COMPILER_GENERATE_SWIFT_ASSET_SYMBOL_EXTENSIONS = YES;
				CLANG_ANALYZER_NONNULL = YES;
				CLANG_ANALYZER_NUMBER_OBJECT_CONVERSION = YES_AGGRESSIVE;
				CLANG_CXX_LANGUAGE_STANDARD = "gnu++20";
				CLANG_ENABLE_MODULES = YES;
				CLANG_ENABLE_OBJC_ARC = YES;
				CLANG_ENABLE_OBJC_WEAK = YES;
				CLANG_WARN_BLOCK_CAPTURE_AUTORELEASING = YES;
				CLANG_WARN_BOOL_CONVERSION = YES;
				CLANG_WARN_COMMA = YES;
				CLANG_WARN_CONSTANT_CONVERSION = YES;
				CLANG_WARN_DEPRECATED_OBJC_IMPLEMENTATIONS = YES;
				CLANG_WARN_DIRECT_OBJC_ISA_USAGE = YES_ERROR;
				CLANG_WARN_DOCUMENTATION_COMMENTS = YES;
				CLANG_WARN_EMPTY_BODY = YES;
				CLANG_WARN_ENUM_CONVERSION = YES;
				CLANG_WARN_INFINITE_RECURSION = YES;
				CLANG_WARN_INT_CONVERSION = YES;
				CLANG_WARN_NON_LITERAL_NULL_CONVERSION = YES;
				CLANG_WARN_OBJC_IMPLICIT_RETAIN_SELF = YES;
				CLANG_WARN_OBJC_LITERAL_CONVERSION = YES;
				CLANG_WARN_OBJC_ROOT_CLASS = YES_ERROR;
				CLANG_WARN_QUOTED_INCLUDE_IN_FRAMEWORK_HEADER = YES;
				CLANG_WARN_RANGE_LOOP_ANALYSIS = YES;
				CLANG_WARN_STRICT_PROTOTYPES = YES;
				CLANG_WARN_SUSPICIOUS_MOVE = YES;
				CLANG_WARN_UNGUARDED_AVAILABILITY = YES_AGGRESSIVE;
				CLANG_WARN_UNREACHABLE_CODE = YES;
				CLANG_WARN__DUPLICATE_METHOD_MATCH = YES;
				COPY_PHASE_STRIP = NO;
				DEBUG_INFORMATION_FORMAT = dwarf;
				DEVELOPMENT_TEAM = KF7UXPRLXA;
				ENABLE_STRICT_OBJC_MSGSEND = YES;
				ENABLE_TESTABILITY = YES;
				ENABLE_USER_SCRIPT_SANDBOXING = YES;
				GCC_C_LANGUAGE_STANDARD = gnu17;
				GCC_DYNAMIC_NO_PIC = NO;
				GCC_NO_COMMON_BLOCKS = YES;
				GCC_OPTIMIZATION_LEVEL = 0;
				GCC_PREPROCESSOR_DEFINITIONS = (
					"DEBUG=1",
					"$(inherited)",
				);
				GCC_WARN_64_TO_32_BIT_CONVERSION = YES;
				GCC_WARN_ABOUT_RETURN_TYPE = YES_ERROR;
				GCC_WARN_UNDECLARED_SELECTOR = YES;
				GCC_WARN_UNINITIALIZED_AUTOS = YES_AGGRESSIVE;
				GCC_WARN_UNUSED_FUNCTION = YES;
				GCC_WARN_UNUSED_VARIABLE = YES;
				LOCALIZATION_PREFERS_STRING_CATALOGS = YES;
				MACOSX_DEPLOYMENT_TARGET = 15.4;
				MTL_ENABLE_DEBUG_INFO = INCLUDE_SOURCE;
				MTL_FAST_MATH = YES;
				ONLY_ACTIVE_ARCH = YES;
				SDKROOT = macosx;
			};
			name = Debug;
		};
		EF9A0EE42E35B55600D4FCEA /* Release */ = {
			isa = XCBuildConfiguration;
			buildSettings = {
				ALWAYS_SEARCH_USER_PATHS = NO;
				ASSETCATALOG_COMPILER_GENERATE_SWIFT_ASSET_SYMBOL_EXTENSIONS = YES;
				CLANG_ANALYZER_NONNULL = YES;
				CLANG_ANALYZER_NUMBER_OBJECT_CONVERSION = YES_AGGRESSIVE;
				CLANG_CXX_LANGUAGE_STANDARD = "gnu++20";
				CLANG_ENABLE_MODULES = YES;
				CLANG_ENABLE_OBJC_ARC = YES;
				CLANG_ENABLE_OBJC_WEAK = YES;
				CLANG_WARN_BLOCK_CAPTURE_AUTORELEASING = YES;
				CLANG_WARN_BOOL_CONVERSION = YES;
				CLANG_WARN_COMMA = YES;
				CLANG_WARN_CONSTANT_CONVERSION = YES;
				CLANG_WARN_DEPRECATED_OBJC_IMPLEMENTATIONS = YES;
				CLANG_WARN_DIRECT_OBJC_ISA_USAGE = YES_ERROR;
				CLANG_WARN_DOCUMENTATION_COMMENTS = YES;
				CLANG_WARN_EMPTY_BODY = YES;
				CLANG_WARN_ENUM_CONVERSION = YES;
				CLANG_WARN_INFINITE_RECURSION = YES;
				CLANG_WARN_INT_CONVERSION = YES;
				CLANG_WARN_NON_LITERAL_NULL_CONVERSION = YES;
				CLANG_WARN_OBJC_IMPLICIT_RETAIN_SELF = YES;
				CLANG_WARN_OBJC_LITERAL_CONVERSION = YES;
				CLANG_WARN_OBJC_ROOT_CLASS = YES_ERROR;
				CLANG_WARN_QUOTED_INCLUDE_IN_FRAMEWORK_HEADER = YES;
				CLANG_WARN_RANGE_LOOP_ANALYSIS = YES;
				CLANG_WARN_STRICT_PROTOTYPES = YES;
				CLANG_WARN_SUSPICIOUS_MOVE = YES;
				CLANG_WARN_UNGUARDED_AVAILABILITY = YES_AGGRESSIVE;
				CLANG_WARN_UNREACHABLE_CODE = YES;
				CLANG_WARN__DUPLICATE_METHOD_MATCH = YES;
				COPY_PHASE_STRIP = NO;
				DEBUG_INFORMATION_FORMAT = "dwarf-with-dsym";
				DEVELOPMENT_TEAM = KF7UXPRLXA;
				ENABLE_NS_ASSERTIONS = NO;
				ENABLE_STRICT_OBJC_MSGSEND = YES;
				ENABLE_USER_SCRIPT_SANDBOXING = YES;
				GCC_C_LANGUAGE_STANDARD = gnu17;
				GCC_NO_COMMON_BLOCKS = YES;
				GCC_WARN_64_TO_32_BIT_CONVERSION = YES;
				GCC_WARN_ABOUT_RETURN_TYPE = YES_ERROR;
				GCC_WARN_UNDECLARED_SELECTOR = YES;
				GCC_WARN_UNINITIALIZED_AUTOS = YES_AGGRESSIVE;
				GCC_WARN_UNUSED_FUNCTION = YES;
				GCC_WARN_UNUSED_VARIABLE = YES;
				LOCALIZATION_PREFERS_STRING_CATALOGS = YES;
				MACOSX_DEPLOYMENT_TARGET = 15.4;
				MTL_ENABLE_DEBUG_INFO = NO;
				MTL_FAST_MATH = YES;
				SDKROOT = macosx;
			};
			name = Release;
		};
		EF9A0EE62E35B55600D4FCEA /* Debug */ = {
			isa = XCBuildConfiguration;
			buildSettings = {
				CLANG_CXX_LANGUAGE_STANDARD = "c++20";
				CODE_SIGN_STYLE = Automatic;
				DEVELOPMENT_TEAM = KF7UXPRLXA;
				ENABLE_HARDENED_RUNTIME = YES;
				GCC_OPTIMIZATION_LEVEL = 0;
				HEADER_SEARCH_PATHS = "\"$(SRCROOT)/third_party\"";
				PRODUCT_NAME = "$(TARGET_NAME)";
			};
			name = Debug;
		};
		EF9A0EE72E35B55600D4FCEA /* Release */ = {
			isa = XCBuildConfiguration;
			buildSettings = {
				CLANG_CXX_LANGUAGE_STANDARD = "c++20";
				CODE_SIGN_STYLE = Automatic;
				DEVELOPMENT_TEAM = KF7UXPRLXA;
				ENABLE_HARDENED_RUNTIME = YES;
				GCC_OPTIMIZATION_LEVEL = 3;
				HEADER_SEARCH_PATHS = "\"$(SRCROOT)/third_party\"";
				PRODUCT_NAME = "$(TARGET_NAME)";
			};
			name = Release;
		};
/* End XCBuildConfiguration section */

/* Begin XCConfigurationList section */
		EF9A0ED92E35B55500D4FCEA /* Build configuration list for PBXProject "mlc-cpp" */ = {
			isa = XCConfigurationList;
			buildConfigurations = (
				EF9A0EE32E35B55600D4FCEA /* Debug */,
				EF9A0EE42E35B55600D4FCEA /* Release */,
			);
			defaultConfigurationIsVisible = 0;
			defaultConfigurationName = Release;
		};
		EF9A0EE52E35B55600D4FCEA /* Build configuration list for PBXNativeTarget "mlc-cpp" */ = {
			isa = XCConfigurationList;
			buildConfigurations = (
				EF9A0EE62E35B55600D4FCEA /* Debug */,
				EF9A0EE72E35B55600D4FCEA /* Release */,
			);
			defaultConfigurationIsVisible = 0;
			defaultConfigurationName = Release;
		};
/* End XCConfigurationList section */
	};
	rootObject = EF9A0ED62E35B55500D4FCEA /* Project object */;
}
